
Microsoft Visual Studio Solution File, Format Version 12.00
# Visual Studio Version 17
VisualStudioVersion = 17.1.32328.378
MinimumVisualStudioVersion = 10.0.40219.1
Project("{E24C65DC-7377-472B-9ABA-BC803B73C61A}") = "PSPI2022", ".", "{A3FCA7AC-5710-4904-9AE8-4F11CBAE0577}"
	ProjectSection(WebsiteProperties) = preProject
		TargetFrameworkMoniker = ".NETFramework,Version%3Dv4.5"
		Debug.AspNetCompiler.VirtualPath = "/localhost_57923"
		Debug.AspNetCompiler.PhysicalPath = "..\PSPI2022\"
		Debug.AspNetCompiler.TargetPath = "PrecompiledWeb\localhost_57923\"
		Debug.AspNetCompiler.Updateable = "true"
		Debug.AspNetCompiler.ForceOverwrite = "true"
		Debug.AspNetCompiler.FixedNames = "false"
		Debug.AspNetCompiler.Debug = "True"
		Release.AspNetCompiler.VirtualPath = "/localhost_57923"
		Release.AspNetCompiler.PhysicalPath = "..\PSPI2022\"
		Release.AspNetCompiler.TargetPath = "PrecompiledWeb\localhost_57923\"
		Release.AspNetCompiler.Updateable = "true"
		Release.AspNetCompiler.ForceOverwrite = "true"
		Release.AspNetCompiler.FixedNames = "false"
		Release.AspNetCompiler.Debug = "False"
		VWDPort = "57923"
		SlnRelativePath = "..\PSPI2022\"
	EndProjectSection
EndProject
Global
	GlobalSection(SolutionConfigurationPlatforms) = preSolution
		Debug|Any CPU = Debug|Any CPU
	EndGlobalSection
	GlobalSection(ProjectConfigurationPlatforms) = postSolution
		{A3FCA7AC-5710-4904-9AE8-4F11CBAE0577}.Debug|Any CPU.ActiveCfg = Debug|Any CPU
		{A3FCA7AC-5710-4904-9AE8-4F11CBAE0577}.Debug|Any CPU.Build.0 = Debug|Any CPU
	EndGlobalSection
	GlobalSection(SolutionProperties) = preSolution
		HideSolutionNode = FALSE
	EndGlobalSection
	GlobalSection(ExtensibilityGlobals) = postSolution
		SolutionGuid = {D6D5812C-B59E-4307-99EC-743944B0D8A8}
	EndGlobalSection
EndGlobal
